
Microsoft Visual Studio Solution File, Format Version 12.00
# Visual Studio Version 16
VisualStudioVersion = 16.0.31729.503
MinimumVisualStudioVersion = 10.0.40219.1
Project("{8BC9CEB8-8B4A-11D0-8D11-00A0C91BC942}") = "1주차", "1주차\1주차.vcxproj", "{2705F1EA-70DA-44AF-B961-EFF2C4A9DC97}"
EndProject
Project("{8BC9CEB8-8B4A-11D0-8D11-00A0C91BC942}") = "2주차", "2주차\2주차.vcxproj", "{3593D93B-2D2D-4FCC-9A5C-57288E9C5049}"
EndProject
Project("{8BC9CEB8-8B4A-11D0-8D11-00A0C91BC942}") = "3주차", "3주차\3주차.vcxproj", "{1851222E-F625-49E9-8F8F-1456786EE5AE}"
EndProject
Project("{8BC9CEB8-8B4A-11D0-8D11-00A0C91BC942}") = "4주차", "4주차\4주차.vcxproj", "{1D7FD71A-9471-4294-BC7E-2161CAC5E01E}"
EndProject
Project("{8BC9CEB8-8B4A-11D0-8D11-00A0C91BC942}") = "5주차", "5주차\5주차.vcxproj", "{B25CCB10-057B-4D9E-8B3A-549EB44FCA3F}"
EndProject
Project("{8BC9CEB8-8B4A-11D0-8D11-00A0C91BC942}") = "6주차", "6주차\6주차.vcxproj", "{BBB1CB64-4500-4068-BE4A-185C74AB1195}"
EndProject
Project("{8BC9CEB8-8B4A-11D0-8D11-00A0C91BC942}") = "8주차", "8주차\8주차.vcxproj", "{8CC9D7BD-A1E5-4E05-BB45-E2F4A02AD4D8}"
EndProject
Project("{8BC9CEB8-8B4A-11D0-8D11-00A0C91BC942}") = "9주차", "9주차\9주차.vcxproj", "{D7517488-6D18-4E4F-946F-27420A2B6A73}"
EndProject
Project("{8BC9CEB8-8B4A-11D0-8D11-00A0C91BC942}") = "10주차", "10주차\10주차.vcxproj", "{8797C1AD-AFAB-4B3D-BE40-895E7CA39332}"
EndProject
Project("{8BC9CEB8-8B4A-11D0-8D11-00A0C91BC942}") = "11주차", "11주차\11주차.vcxproj", "{1F51ECA8-77DB-4F94-9B5F-F76B76BBE7E9}"
EndProject
Project("{8BC9CEB8-8B4A-11D0-8D11-00A0C91BC942}") = "12주차", "12주차\12주차.vcxproj", "{540A8C5B-C09A-4729-86E3-8D1B8DD64909}"
EndProject
Project("{8BC9CEB8-8B4A-11D0-8D11-00A0C91BC942}") = "기말고사", "..\기말고사\기말고사.vcxproj", "{BB805DA2-5FF9-470D-A56E-531B3103C162}"
EndProject
Global
	GlobalSection(SolutionConfigurationPlatforms) = preSolution
		Debug|x64 = Debug|x64
		Debug|x86 = Debug|x86
		Release|x64 = Release|x64
		Release|x86 = Release|x86
	EndGlobalSection
	GlobalSection(ProjectConfigurationPlatforms) = postSolution
		{2705F1EA-70DA-44AF-B961-EFF2C4A9DC97}.Debug|x64.ActiveCfg = Debug|x64
		{2705F1EA-70DA-44AF-B961-EFF2C4A9DC97}.Debug|x64.Build.0 = Debug|x64
		{2705F1EA-70DA-44AF-B961-EFF2C4A9DC97}.Debug|x86.ActiveCfg = Debug|Win32
		{2705F1EA-70DA-44AF-B961-EFF2C4A9DC97}.Debug|x86.Build.0 = Debug|Win32
		{2705F1EA-70DA-44AF-B961-EFF2C4A9DC97}.Release|x64.ActiveCfg = Release|x64
		{2705F1EA-70DA-44AF-B961-EFF2C4A9DC97}.Release|x64.Build.0 = Release|x64
		{2705F1EA-70DA-44AF-B961-EFF2C4A9DC97}.Release|x86.ActiveCfg = Release|Win32
		{2705F1EA-70DA-44AF-B961-EFF2C4A9DC97}.Release|x86.Build.0 = Release|Win32
		{3593D93B-2D2D-4FCC-9A5C-57288E9C5049}.Debug|x64.ActiveCfg = Debug|x64
		{3593D93B-2D2D-4FCC-9A5C-57288E9C5049}.Debug|x64.Build.0 = Debug|x64
		{3593D93B-2D2D-4FCC-9A5C-57288E9C5049}.Debug|x86.ActiveCfg = Debug|Win32
		{3593D93B-2D2D-4FCC-9A5C-57288E9C5049}.Debug|x86.Build.0 = Debug|Win32
		{3593D93B-2D2D-4FCC-9A5C-57288E9C5049}.Release|x64.ActiveCfg = Release|x64
		{3593D93B-2D2D-4FCC-9A5C-57288E9C5049}.Release|x64.Build.0 = Release|x64
		{3593D93B-2D2D-4FCC-9A5C-57288E9C5049}.Release|x86.ActiveCfg = Release|Win32
		{3593D93B-2D2D-4FCC-9A5C-57288E9C5049}.Release|x86.Build.0 = Release|Win32
		{1851222E-F625-49E9-8F8F-1456786EE5AE}.Debug|x64.ActiveCfg = Debug|x64
		{1851222E-F625-49E9-8F8F-1456786EE5AE}.Debug|x64.Build.0 = Debug|x64
		{1851222E-F625-49E9-8F8F-1456786EE5AE}.Debug|x86.ActiveCfg = Debug|Win32
		{1851222E-F625-49E9-8F8F-1456786EE5AE}.Debug|x86.Build.0 = Debug|Win32
		{1851222E-F625-49E9-8F8F-1456786EE5AE}.Release|x64.ActiveCfg = Release|x64
		{1851222E-F625-49E9-8F8F-1456786EE5AE}.Release|x64.Build.0 = Release|x64
		{1851222E-F625-49E9-8F8F-1456786EE5AE}.Release|x86.ActiveCfg = Release|Win32
		{1851222E-F625-49E9-8F8F-1456786EE5AE}.Release|x86.Build.0 = Release|Win32
		{1D7FD71A-9471-4294-BC7E-2161CAC5E01E}.Debug|x64.ActiveCfg = Debug|x64
		{1D7FD71A-9471-4294-BC7E-2161CAC5E01E}.Debug|x64.Build.0 = Debug|x64
		{1D7FD71A-9471-4294-BC7E-2161CAC5E01E}.Debug|x86.ActiveCfg = Debug|Win32
		{1D7FD71A-9471-4294-BC7E-2161CAC5E01E}.Debug|x86.Build.0 = Debug|Win32
		{1D7FD71A-9471-4294-BC7E-2161CAC5E01E}.Release|x64.ActiveCfg = Release|x64
		{1D7FD71A-9471-4294-BC7E-2161CAC5E01E}.Release|x64.Build.0 = Release|x64
		{1D7FD71A-9471-4294-BC7E-2161CAC5E01E}.Release|x86.ActiveCfg = Release|Win32
		{1D7FD71A-9471-4294-BC7E-2161CAC5E01E}.Release|x86.Build.0 = Release|Win32
		{B25CCB10-057B-4D9E-8B3A-549EB44FCA3F}.Debug|x64.ActiveCfg = Debug|x64
		{B25CCB10-057B-4D9E-8B3A-549EB44FCA3F}.Debug|x64.Build.0 = Debug|x64
		{B25CCB10-057B-4D9E-8B3A-549EB44FCA3F}.Debug|x86.ActiveCfg = Debug|Win32
		{B25CCB10-057B-4D9E-8B3A-549EB44FCA3F}.Debug|x86.Build.0 = Debug|Win32
		{B25CCB10-057B-4D9E-8B3A-549EB44FCA3F}.Release|x64.ActiveCfg = Release|x64
		{B25CCB10-057B-4D9E-8B3A-549EB44FCA3F}.Release|x64.Build.0 = Release|x64
		{B25CCB10-057B-4D9E-8B3A-549EB44FCA3F}.Release|x86.ActiveCfg = Release|Win32
		{B25CCB10-057B-4D9E-8B3A-549EB44FCA3F}.Release|x86.Build.0 = Release|Win32
		{BBB1CB64-4500-4068-BE4A-185C74AB1195}.Debug|x64.ActiveCfg = Debug|x64
		{BBB1CB64-4500-4068-BE4A-185C74AB1195}.Debug|x64.Build.0 = Debug|x64
		{BBB1CB64-4500-4068-BE4A-185C74AB1195}.Debug|x86.ActiveCfg = Debug|Win32
		{BBB1CB64-4500-4068-BE4A-185C74AB1195}.Debug|x86.Build.0 = Debug|Win32
		{BBB1CB64-4500-4068-BE4A-185C74AB1195}.Release|x64.ActiveCfg = Release|x64
		{BBB1CB64-4500-4068-BE4A-185C74AB1195}.Release|x64.Build.0 = Release|x64
		{BBB1CB64-4500-4068-BE4A-185C74AB1195}.Release|x86.ActiveCfg = Release|Win32
		{BBB1CB64-4500-4068-BE4A-185C74AB1195}.Release|x86.Build.0 = Release|Win32
		{8CC9D7BD-A1E5-4E05-BB45-E2F4A02AD4D8}.Debug|x64.ActiveCfg = Debug|x64
		{8CC9D7BD-A1E5-4E05-BB45-E2F4A02AD4D8}.Debug|x64.Build.0 = Debug|x64
		{8CC9D7BD-A1E5-4E05-BB45-E2F4A02AD4D8}.Debug|x86.ActiveCfg = Debug|Win32
		{8CC9D7BD-A1E5-4E05-BB45-E2F4A02AD4D8}.Debug|x86.Build.0 = Debug|Win32
		{8CC9D7BD-A1E5-4E05-BB45-E2F4A02AD4D8}.Release|x64.ActiveCfg = Release|x64
		{8CC9D7BD-A1E5-4E05-BB45-E2F4A02AD4D8}.Release|x64.Build.0 = Release|x64
		{8CC9D7BD-A1E5-4E05-BB45-E2F4A02AD4D8}.Release|x86.ActiveCfg = Release|Win32
		{8CC9D7BD-A1E5-4E05-BB45-E2F4A02AD4D8}.Release|x86.Build.0 = Release|Win32
		{D7517488-6D18-4E4F-946F-27420A2B6A73}.Debug|x64.ActiveCfg = Debug|x64
		{D7517488-6D18-4E4F-946F-27420A2B6A73}.Debug|x64.Build.0 = Debug|x64
		{D7517488-6D18-4E4F-946F-27420A2B6A73}.Debug|x86.ActiveCfg = Debug|Win32
		{D7517488-6D18-4E4F-946F-27420A2B6A73}.Debug|x86.Build.0 = Debug|Win32
		{D7517488-6D18-4E4F-946F-27420A2B6A73}.Release|x64.ActiveCfg = Release|x64
		{D7517488-6D18-4E4F-946F-27420A2B6A73}.Release|x64.Build.0 = Release|x64
		{D7517488-6D18-4E4F-946F-27420A2B6A73}.Release|x86.ActiveCfg = Release|Win32
		{D7517488-6D18-4E4F-946F-27420A2B6A73}.Release|x86.Build.0 = Release|Win32
		{8797C1AD-AFAB-4B3D-BE40-895E7CA39332}.Debug|x64.ActiveCfg = Debug|x64
		{8797C1AD-AFAB-4B3D-BE40-895E7CA39332}.Debug|x64.Build.0 = Debug|x64
		{8797C1AD-AFAB-4B3D-BE40-895E7CA39332}.Debug|x86.ActiveCfg = Debug|Win32
		{8797C1AD-AFAB-4B3D-BE40-895E7CA39332}.Debug|x86.Build.0 = Debug|Win32
		{8797C1AD-AFAB-4B3D-BE40-895E7CA39332}.Release|x64.ActiveCfg = Release|x64
		{8797C1AD-AFAB-4B3D-BE40-895E7CA39332}.Release|x64.Build.0 = Release|x64
		{8797C1AD-AFAB-4B3D-BE40-895E7CA39332}.Release|x86.ActiveCfg = Release|Win32
		{8797C1AD-AFAB-4B3D-BE40-895E7CA39332}.Release|x86.Build.0 = Release|Win32
		{1F51ECA8-77DB-4F94-9B5F-F76B76BBE7E9}.Debug|x64.ActiveCfg = Debug|x64
		{1F51ECA8-77DB-4F94-9B5F-F76B76BBE7E9}.Debug|x64.Build.0 = Debug|x64
		{1F51ECA8-77DB-4F94-9B5F-F76B76BBE7E9}.Debug|x86.ActiveCfg = Debug|Win32
		{1F51ECA8-77DB-4F94-9B5F-F76B76BBE7E9}.Debug|x86.Build.0 = Debug|Win32
		{1F51ECA8-77DB-4F94-9B5F-F76B76BBE7E9}.Release|x64.ActiveCfg = Release|x64
		{1F51ECA8-77DB-4F94-9B5F-F76B76BBE7E9}.Release|x64.Build.0 = Release|x64
		{1F51ECA8-77DB-4F94-9B5F-F76B76BBE7E9}.Release|x86.ActiveCfg = Release|Win32
		{1F51ECA8-77DB-4F94-9B5F-F76B76BBE7E9}.Release|x86.Build.0 = Release|Win32
		{540A8C5B-C09A-4729-86E3-8D1B8DD64909}.Debug|x64.ActiveCfg = Debug|x64
		{540A8C5B-C09A-4729-86E3-8D1B8DD64909}.Debug|x64.Build.0 = Debug|x64
		{540A8C5B-C09A-4729-86E3-8D1B8DD64909}.Debug|x86.ActiveCfg = Debug|Win32
		{540A8C5B-C09A-4729-86E3-8D1B8DD64909}.Debug|x86.Build.0 = Debug|Win32
		{540A8C5B-C09A-4729-86E3-8D1B8DD64909}.Release|x64.ActiveCfg = Release|x64
		{540A8C5B-C09A-4729-86E3-8D1B8DD64909}.Release|x64.Build.0 = Release|x64
		{540A8C5B-C09A-4729-86E3-8D1B8DD64909}.Release|x86.ActiveCfg = Release|Win32
		{540A8C5B-C09A-4729-86E3-8D1B8DD64909}.Release|x86.Build.0 = Release|Win32
		{BB805DA2-5FF9-470D-A56E-531B3103C162}.Debug|x64.ActiveCfg = Debug|x64
		{BB805DA2-5FF9-470D-A56E-531B3103C162}.Debug|x64.Build.0 = Debug|x64
		{BB805DA2-5FF9-470D-A56E-531B3103C162}.Debug|x86.ActiveCfg = Debug|Win32
		{BB805DA2-5FF9-470D-A56E-531B3103C162}.Debug|x86.Build.0 = Debug|Win32
		{BB805DA2-5FF9-470D-A56E-531B3103C162}.Release|x64.ActiveCfg = Release|x64
		{BB805DA2-5FF9-470D-A56E-531B3103C162}.Release|x64.Build.0 = Release|x64
		{BB805DA2-5FF9-470D-A56E-531B3103C162}.Release|x86.ActiveCfg = Release|Win32
		{BB805DA2-5FF9-470D-A56E-531B3103C162}.Release|x86.Build.0 = Release|Win32
	EndGlobalSection
	GlobalSection(SolutionProperties) = preSolution
		HideSolutionNode = FALSE
	EndGlobalSection
	GlobalSection(ExtensibilityGlobals) = postSolution
		SolutionGuid = {2F64CFD4-F655-4D2B-BD31-3388558DDD17}
	EndGlobalSection
EndGlobal
