
Microsoft Visual Studio Solution File, Format Version 12.00
# Visual Studio Version 16
VisualStudioVersion = 16.0.31729.503
MinimumVisualStudioVersion = 10.0.40219.1
Project("{8BC9CEB8-8B4A-11D0-8D11-00A0C91BC942}") = "1주차", "1주차\1주차.vcxproj", "{2705F1EA-70DA-44AF-B961-EFF2C4A9DC97}"
EndProject
Project("{8BC9CEB8-8B4A-11D0-8D11-00A0C91BC942}") = "2주차", "2주차\2주차.vcxproj", "{3593D93B-2D2D-4FCC-9A5C-57288E9C5049}"
EndProject
Global
	GlobalSection(SolutionConfigurationPlatforms) = preSolution
		Debug|x64 = Debug|x64
		Debug|x86 = Debug|x86
		Release|x64 = Release|x64
		Release|x86 = Release|x86
	EndGlobalSection
	GlobalSection(ProjectConfigurationPlatforms) = postSolution
		{2705F1EA-70DA-44AF-B961-EFF2C4A9DC97}.Debug|x64.ActiveCfg = Debug|x64
		{2705F1EA-70DA-44AF-B961-EFF2C4A9DC97}.Debug|x64.Build.0 = Debug|x64
		{2705F1EA-70DA-44AF-B961-EFF2C4A9DC97}.Debug|x86.ActiveCfg = Debug|Win32
		{2705F1EA-70DA-44AF-B961-EFF2C4A9DC97}.Debug|x86.Build.0 = Debug|Win32
		{2705F1EA-70DA-44AF-B961-EFF2C4A9DC97}.Release|x64.ActiveCfg = Release|x64
		{2705F1EA-70DA-44AF-B961-EFF2C4A9DC97}.Release|x64.Build.0 = Release|x64
		{2705F1EA-70DA-44AF-B961-EFF2C4A9DC97}.Release|x86.ActiveCfg = Release|Win32
		{2705F1EA-70DA-44AF-B961-EFF2C4A9DC97}.Release|x86.Build.0 = Release|Win32
		{3593D93B-2D2D-4FCC-9A5C-57288E9C5049}.Debug|x64.ActiveCfg = Debug|x64
		{3593D93B-2D2D-4FCC-9A5C-57288E9C5049}.Debug|x64.Build.0 = Debug|x64
		{3593D93B-2D2D-4FCC-9A5C-57288E9C5049}.Debug|x86.ActiveCfg = Debug|Win32
		{3593D93B-2D2D-4FCC-9A5C-57288E9C5049}.Debug|x86.Build.0 = Debug|Win32
		{3593D93B-2D2D-4FCC-9A5C-57288E9C5049}.Release|x64.ActiveCfg = Release|x64
		{3593D93B-2D2D-4FCC-9A5C-57288E9C5049}.Release|x64.Build.0 = Release|x64
		{3593D93B-2D2D-4FCC-9A5C-57288E9C5049}.Release|x86.ActiveCfg = Release|Win32
		{3593D93B-2D2D-4FCC-9A5C-57288E9C5049}.Release|x86.Build.0 = Release|Win32
	EndGlobalSection
	GlobalSection(SolutionProperties) = preSolution
		HideSolutionNode = FALSE
	EndGlobalSection
	GlobalSection(ExtensibilityGlobals) = postSolution
		SolutionGuid = {2F64CFD4-F655-4D2B-BD31-3388558DDD17}
	EndGlobalSection
EndGlobal
